
Microsoft Visual Studio Solution File, Format Version 12.00
# Visual Studio 15
VisualStudioVersion = 15.0.28307.705
MinimumVisualStudioVersion = 10.0.40219.1
Project("{8BC9CEB8-8B4A-11D0-8D11-00A0C91BC942}") = "DXEngine01_WinSetup", "DXEngine01_WinSetup\DXEngine01_WinSetup.vcxproj", "{349FFBD2-6074-4453-90DE-564A5155F6ED}"
EndProject
Project("{8BC9CEB8-8B4A-11D0-8D11-00A0C91BC942}") = "DXEngine02_DXSetup", "DXEngine02_DXSetup\DXEngine02_DXSetup.vcxproj", "{78CA3F78-2BB9-44BB-B8FA-2A456ECD7131}"
EndProject
Project("{8BC9CEB8-8B4A-11D0-8D11-00A0C91BC942}") = "DXEngine03_Draw", "DXEngine03_Draw\DXEngine03_Draw.vcxproj", "{1764DC87-DA8C-49F6-B19A-1682B3A835C3}"
EndProject
Project("{8BC9CEB8-8B4A-11D0-8D11-00A0C91BC942}") = "DXEngine04_VertexColor", "DXEngine04_VertexColor\DXEngine04_VertexColor.vcxproj", "{FCA78DB9-EB27-49A3-A7AF-BFB64A5CE6E2}"
EndProject
Project("{8BC9CEB8-8B4A-11D0-8D11-00A0C91BC942}") = "DXEngine05_IndexBuffer", "DXEngine05_IndexBuffer\DXEngine05_IndexBuffer.vcxproj", "{90540B71-281E-4054-8F60-9BBA429C4E27}"
EndProject
Project("{8BC9CEB8-8B4A-11D0-8D11-00A0C91BC942}") = "DXEngine06_WVP", "DXEngine06_WVP\DXEngine06_WVP.vcxproj", "{A1E6AE50-5102-45A5-9909-3159EDBCFBE0}"
EndProject
Project("{8BC9CEB8-8B4A-11D0-8D11-00A0C91BC942}") = "DXEngine07_TextureMapping", "DXEngine07_TextureMapping\DXEngine07_TextureMapping.vcxproj", "{67A1CB77-C55A-4116-9D78-148C512BE710}"
EndProject
Project("{8BC9CEB8-8B4A-11D0-8D11-00A0C91BC942}") = "DXEngine08_FBXLoader", "DXEngine08_FBXLoader\DXEngine08_FBXLoader.vcxproj", "{E4DA8333-78AC-4FD6-B054-A0BD343F8DF1}"
EndProject
Project("{8BC9CEB8-8B4A-11D0-8D11-00A0C91BC942}") = "DXEngine09_Diffuse", "DXEngine09_Diffuse\DXEngine09_Diffuse.vcxproj", "{12FD4E70-8ACB-4321-8CEA-327F95ADA02D}"
EndProject
Global
	GlobalSection(SolutionConfigurationPlatforms) = preSolution
		Debug|x64 = Debug|x64
		Debug|x86 = Debug|x86
		Release|x64 = Release|x64
		Release|x86 = Release|x86
	EndGlobalSection
	GlobalSection(ProjectConfigurationPlatforms) = postSolution
		{349FFBD2-6074-4453-90DE-564A5155F6ED}.Debug|x64.ActiveCfg = Debug|x64
		{349FFBD2-6074-4453-90DE-564A5155F6ED}.Debug|x64.Build.0 = Debug|x64
		{349FFBD2-6074-4453-90DE-564A5155F6ED}.Debug|x86.ActiveCfg = Debug|Win32
		{349FFBD2-6074-4453-90DE-564A5155F6ED}.Debug|x86.Build.0 = Debug|Win32
		{349FFBD2-6074-4453-90DE-564A5155F6ED}.Release|x64.ActiveCfg = Release|x64
		{349FFBD2-6074-4453-90DE-564A5155F6ED}.Release|x64.Build.0 = Release|x64
		{349FFBD2-6074-4453-90DE-564A5155F6ED}.Release|x86.ActiveCfg = Release|Win32
		{349FFBD2-6074-4453-90DE-564A5155F6ED}.Release|x86.Build.0 = Release|Win32
		{78CA3F78-2BB9-44BB-B8FA-2A456ECD7131}.Debug|x64.ActiveCfg = Debug|x64
		{78CA3F78-2BB9-44BB-B8FA-2A456ECD7131}.Debug|x64.Build.0 = Debug|x64
		{78CA3F78-2BB9-44BB-B8FA-2A456ECD7131}.Debug|x86.ActiveCfg = Debug|Win32
		{78CA3F78-2BB9-44BB-B8FA-2A456ECD7131}.Debug|x86.Build.0 = Debug|Win32
		{78CA3F78-2BB9-44BB-B8FA-2A456ECD7131}.Release|x64.ActiveCfg = Release|x64
		{78CA3F78-2BB9-44BB-B8FA-2A456ECD7131}.Release|x64.Build.0 = Release|x64
		{78CA3F78-2BB9-44BB-B8FA-2A456ECD7131}.Release|x86.ActiveCfg = Release|Win32
		{78CA3F78-2BB9-44BB-B8FA-2A456ECD7131}.Release|x86.Build.0 = Release|Win32
		{1764DC87-DA8C-49F6-B19A-1682B3A835C3}.Debug|x64.ActiveCfg = Debug|x64
		{1764DC87-DA8C-49F6-B19A-1682B3A835C3}.Debug|x64.Build.0 = Debug|x64
		{1764DC87-DA8C-49F6-B19A-1682B3A835C3}.Debug|x86.ActiveCfg = Debug|Win32
		{1764DC87-DA8C-49F6-B19A-1682B3A835C3}.Debug|x86.Build.0 = Debug|Win32
		{1764DC87-DA8C-49F6-B19A-1682B3A835C3}.Release|x64.ActiveCfg = Release|x64
		{1764DC87-DA8C-49F6-B19A-1682B3A835C3}.Release|x64.Build.0 = Release|x64
		{1764DC87-DA8C-49F6-B19A-1682B3A835C3}.Release|x86.ActiveCfg = Release|Win32
		{1764DC87-DA8C-49F6-B19A-1682B3A835C3}.Release|x86.Build.0 = Release|Win32
		{FCA78DB9-EB27-49A3-A7AF-BFB64A5CE6E2}.Debug|x64.ActiveCfg = Debug|x64
		{FCA78DB9-EB27-49A3-A7AF-BFB64A5CE6E2}.Debug|x64.Build.0 = Debug|x64
		{FCA78DB9-EB27-49A3-A7AF-BFB64A5CE6E2}.Debug|x86.ActiveCfg = Debug|Win32
		{FCA78DB9-EB27-49A3-A7AF-BFB64A5CE6E2}.Debug|x86.Build.0 = Debug|Win32
		{FCA78DB9-EB27-49A3-A7AF-BFB64A5CE6E2}.Release|x64.ActiveCfg = Release|x64
		{FCA78DB9-EB27-49A3-A7AF-BFB64A5CE6E2}.Release|x64.Build.0 = Release|x64
		{FCA78DB9-EB27-49A3-A7AF-BFB64A5CE6E2}.Release|x86.ActiveCfg = Release|Win32
		{FCA78DB9-EB27-49A3-A7AF-BFB64A5CE6E2}.Release|x86.Build.0 = Release|Win32
		{90540B71-281E-4054-8F60-9BBA429C4E27}.Debug|x64.ActiveCfg = Debug|x64
		{90540B71-281E-4054-8F60-9BBA429C4E27}.Debug|x64.Build.0 = Debug|x64
		{90540B71-281E-4054-8F60-9BBA429C4E27}.Debug|x86.ActiveCfg = Debug|Win32
		{90540B71-281E-4054-8F60-9BBA429C4E27}.Debug|x86.Build.0 = Debug|Win32
		{90540B71-281E-4054-8F60-9BBA429C4E27}.Release|x64.ActiveCfg = Release|x64
		{90540B71-281E-4054-8F60-9BBA429C4E27}.Release|x64.Build.0 = Release|x64
		{90540B71-281E-4054-8F60-9BBA429C4E27}.Release|x86.ActiveCfg = Release|Win32
		{90540B71-281E-4054-8F60-9BBA429C4E27}.Release|x86.Build.0 = Release|Win32
		{A1E6AE50-5102-45A5-9909-3159EDBCFBE0}.Debug|x64.ActiveCfg = Debug|x64
		{A1E6AE50-5102-45A5-9909-3159EDBCFBE0}.Debug|x64.Build.0 = Debug|x64
		{A1E6AE50-5102-45A5-9909-3159EDBCFBE0}.Debug|x86.ActiveCfg = Debug|Win32
		{A1E6AE50-5102-45A5-9909-3159EDBCFBE0}.Debug|x86.Build.0 = Debug|Win32
		{A1E6AE50-5102-45A5-9909-3159EDBCFBE0}.Release|x64.ActiveCfg = Release|x64
		{A1E6AE50-5102-45A5-9909-3159EDBCFBE0}.Release|x64.Build.0 = Release|x64
		{A1E6AE50-5102-45A5-9909-3159EDBCFBE0}.Release|x86.ActiveCfg = Release|Win32
		{A1E6AE50-5102-45A5-9909-3159EDBCFBE0}.Release|x86.Build.0 = Release|Win32
		{67A1CB77-C55A-4116-9D78-148C512BE710}.Debug|x64.ActiveCfg = Debug|x64
		{67A1CB77-C55A-4116-9D78-148C512BE710}.Debug|x64.Build.0 = Debug|x64
		{67A1CB77-C55A-4116-9D78-148C512BE710}.Debug|x86.ActiveCfg = Debug|Win32
		{67A1CB77-C55A-4116-9D78-148C512BE710}.Debug|x86.Build.0 = Debug|Win32
		{67A1CB77-C55A-4116-9D78-148C512BE710}.Release|x64.ActiveCfg = Release|x64
		{67A1CB77-C55A-4116-9D78-148C512BE710}.Release|x64.Build.0 = Release|x64
		{67A1CB77-C55A-4116-9D78-148C512BE710}.Release|x86.ActiveCfg = Release|Win32
		{67A1CB77-C55A-4116-9D78-148C512BE710}.Release|x86.Build.0 = Release|Win32
		{E4DA8333-78AC-4FD6-B054-A0BD343F8DF1}.Debug|x64.ActiveCfg = Debug|x64
		{E4DA8333-78AC-4FD6-B054-A0BD343F8DF1}.Debug|x64.Build.0 = Debug|x64
		{E4DA8333-78AC-4FD6-B054-A0BD343F8DF1}.Debug|x86.ActiveCfg = Debug|Win32
		{E4DA8333-78AC-4FD6-B054-A0BD343F8DF1}.Debug|x86.Build.0 = Debug|Win32
		{E4DA8333-78AC-4FD6-B054-A0BD343F8DF1}.Release|x64.ActiveCfg = Release|x64
		{E4DA8333-78AC-4FD6-B054-A0BD343F8DF1}.Release|x64.Build.0 = Release|x64
		{E4DA8333-78AC-4FD6-B054-A0BD343F8DF1}.Release|x86.ActiveCfg = Release|Win32
		{E4DA8333-78AC-4FD6-B054-A0BD343F8DF1}.Release|x86.Build.0 = Release|Win32
		{12FD4E70-8ACB-4321-8CEA-327F95ADA02D}.Debug|x64.ActiveCfg = Debug|x64
		{12FD4E70-8ACB-4321-8CEA-327F95ADA02D}.Debug|x64.Build.0 = Debug|x64
		{12FD4E70-8ACB-4321-8CEA-327F95ADA02D}.Debug|x86.ActiveCfg = Debug|Win32
		{12FD4E70-8ACB-4321-8CEA-327F95ADA02D}.Debug|x86.Build.0 = Debug|Win32
		{12FD4E70-8ACB-4321-8CEA-327F95ADA02D}.Release|x64.ActiveCfg = Release|x64
		{12FD4E70-8ACB-4321-8CEA-327F95ADA02D}.Release|x64.Build.0 = Release|x64
		{12FD4E70-8ACB-4321-8CEA-327F95ADA02D}.Release|x86.ActiveCfg = Release|Win32
		{12FD4E70-8ACB-4321-8CEA-327F95ADA02D}.Release|x86.Build.0 = Release|Win32
	EndGlobalSection
	GlobalSection(SolutionProperties) = preSolution
		HideSolutionNode = FALSE
	EndGlobalSection
	GlobalSection(ExtensibilityGlobals) = postSolution
		SolutionGuid = {DFBAE9AA-2A8E-4A89-95A9-389A8AA8B447}
	EndGlobalSection
EndGlobal
