
Microsoft Visual Studio Solution File, Format Version 12.00
# Visual Studio 15
VisualStudioVersion = 15.0.28307.705
MinimumVisualStudioVersion = 10.0.40219.1
Project("{8BC9CEB8-8B4A-11D0-8D11-00A0C91BC942}") = "DXEngine01_WinSetup", "DXEngine01_WinSetup\DXEngine01_WinSetup.vcxproj", "{52FCE03C-FB4A-4B59-887C-16D265B731B5}"
EndProject
Project("{8BC9CEB8-8B4A-11D0-8D11-00A0C91BC942}") = "DXEngine02_DXSetup", "DXEngine02_DXSetup\DXEngine02_DXSetup.vcxproj", "{D6CEFA6A-40AA-4FA9-8E51-23803D528DEF}"
EndProject
Project("{8BC9CEB8-8B4A-11D0-8D11-00A0C91BC942}") = "DXEngine03_Draw", "DXEngine03_Draw\DXEngine03_Draw.vcxproj", "{CCFC087A-3BC4-4D90-AAF0-C4381A6EA459}"
EndProject
Project("{8BC9CEB8-8B4A-11D0-8D11-00A0C91BC942}") = "DXEngine04_VertexColor", "DXEngine04_VertexColor\DXEngine04_VertexColor.vcxproj", "{FCA78DB9-EB27-49A3-A7AF-BFB64A5CE6E2}"
EndProject
Project("{8BC9CEB8-8B4A-11D0-8D11-00A0C91BC942}") = "DXEngine05_IndexBuffer", "DXEngine05_IndexBuffer\DXEngine05_IndexBuffer.vcxproj", "{90540B71-281E-4054-8F60-9BBA429C4E27}"
EndProject
Project("{8BC9CEB8-8B4A-11D0-8D11-00A0C91BC942}") = "DXEngine06_WVP", "DXEngine06_WVP\DXEngine06_WVP.vcxproj", "{A1E6AE50-5102-45A5-9909-3159EDBCFBE0}"
EndProject
Project("{8BC9CEB8-8B4A-11D0-8D11-00A0C91BC942}") = "DXEngine07_TextureMapping", "DXEngine07_TextureMapping\DXEngine07_TextureMapping.vcxproj", "{1ABDD00B-9655-4AC3-B98D-8867D9995B42}"
EndProject
Project("{8BC9CEB8-8B4A-11D0-8D11-00A0C91BC942}") = "DXEngine08_FBXLoader", "DXEngine08_FBXLoader\DXEngine08_FBXLoader.vcxproj", "{D37A2B7F-7B73-4169-BA61-C4A139D1D55D}"
EndProject
Project("{8BC9CEB8-8B4A-11D0-8D11-00A0C91BC942}") = "DXEngine09_Diffuse", "DXEngine09_Diffuse\DXEngine09_Diffuse.vcxproj", "{DD2412FF-088F-4BF7-97B2-C3CD6BC3EFFD}"
EndProject
Project("{8BC9CEB8-8B4A-11D0-8D11-00A0C91BC942}") = "DXEngine10_Specular", "DXEngine10_Specular\DXEngine10_Specular.vcxproj", "{D475E8A3-7D4E-4227-9E4D-AE7E8A728D22}"
EndProject
Project("{8BC9CEB8-8B4A-11D0-8D11-00A0C91BC942}") = "DXEngine11_Toon", "DXEngine11_Toon\DXEngine11_Toon.vcxproj", "{72FBB382-C4AA-4B98-ABED-5D2420FAEAE5}"
EndProject
Project("{8BC9CEB8-8B4A-11D0-8D11-00A0C91BC942}") = "DXEngine12_Material", "DXEngine12_Material\DXEngine12_Material.vcxproj", "{7B5BB658-AE9F-4227-900B-EE725E7A4B1D}"
EndProject
Project("{8BC9CEB8-8B4A-11D0-8D11-00A0C91BC942}") = "DXEngine13_TwoObjects", "DXEngine13_TwoObjects\DXEngine13_TwoObjects.vcxproj", "{F785222E-7BCD-472E-8AAE-77D7B2D500B9}"
EndProject
Project("{8BC9CEB8-8B4A-11D0-8D11-00A0C91BC942}") = "DXEngine14_Camera", "DXEngine14_Camera\DXEngine14_Camera.vcxproj", "{6FE8C7B7-2558-4F02-9D10-FC50EFC2FCFB}"
EndProject
Project("{8BC9CEB8-8B4A-11D0-8D11-00A0C91BC942}") = "DXEngine15_Input", "DXEngine15_Input\DXEngine15_Input.vcxproj", "{F5207F19-F0B1-4F33-B388-9C1E0F712258}"
EndProject
Project("{8BC9CEB8-8B4A-11D0-8D11-00A0C91BC942}") = "DXEngine16_CameraMove", "DXEngine16_CameraMove\DXEngine16_CameraMove.vcxproj", "{04174B26-83A9-4B5A-9624-9CD0C67027BD}"
EndProject
Project("{8BC9CEB8-8B4A-11D0-8D11-00A0C91BC942}") = "DXEngine17_GameTimer", "DXEngine17_GameTimer\DXEngine17_GameTimer.vcxproj", "{5CF197C2-977C-41F1-9A4F-F3EB59E8D09E}"
EndProject
Project("{8BC9CEB8-8B4A-11D0-8D11-00A0C91BC942}") = "DXEngine18_NormalMapping", "DXEngine18_NormalMapping\DXEngine18_NormalMapping.vcxproj", "{0AF948EF-32CD-413B-9159-9C7DF9BA0119}"
EndProject
Project("{8BC9CEB8-8B4A-11D0-8D11-00A0C91BC942}") = "DXEngine19_MultipleObjects", "DXEngine19_MultipleObjects\DXEngine19_MultipleObjects.vcxproj", "{FF895C97-CC35-4EDA-BDF0-CE55D389E786}"
EndProject
Project("{8BC9CEB8-8B4A-11D0-8D11-00A0C91BC942}") = "DXEngine20_RasterizerState", "DXEngine20_RasterizerState\DXEngine20_RasterizerState.vcxproj", "{628FD7A9-9870-4080-9CED-34774529BC59}"
EndProject
Project("{8BC9CEB8-8B4A-11D0-8D11-00A0C91BC942}") = "DXEngine21_CubeMap", "DXEngine21_CubeMap\DXEngine21_CubeMap.vcxproj", "{429F0EAD-6680-42D6-A273-590789521ACC}"
EndProject
Project("{8BC9CEB8-8B4A-11D0-8D11-00A0C91BC942}") = "DXEngine22_RimLighting", "DXEngine22_RimLighting\DXEngine22_RimLighting.vcxproj", "{68904F44-5AB9-4EEA-9E41-31CA9C2FA395}"
EndProject
Project("{8BC9CEB8-8B4A-11D0-8D11-00A0C91BC942}") = "DXEngine23_OrenNayerDiffuse", "DXEngine23_OrenNayerDiffuse\DXEngine23_OrenNayerDiffuse.vcxproj", "{8164BA09-2851-44B7-AD75-D124456D65EC}"
EndProject
Project("{8BC9CEB8-8B4A-11D0-8D11-00A0C91BC942}") = "DXEngine24_RenderToTexture", "DXEngine24_RenderToTexture\DXEngine24_RenderToTexture.vcxproj", "{993C5118-DDB6-495D-9E84-E8E31E7F911B}"
EndProject
Global
	GlobalSection(SolutionConfigurationPlatforms) = preSolution
		Debug|x64 = Debug|x64
		Debug|x86 = Debug|x86
		Release|x64 = Release|x64
		Release|x86 = Release|x86
	EndGlobalSection
	GlobalSection(ProjectConfigurationPlatforms) = postSolution
		{52FCE03C-FB4A-4B59-887C-16D265B731B5}.Debug|x64.ActiveCfg = Debug|x64
		{52FCE03C-FB4A-4B59-887C-16D265B731B5}.Debug|x64.Build.0 = Debug|x64
		{52FCE03C-FB4A-4B59-887C-16D265B731B5}.Debug|x86.ActiveCfg = Debug|Win32
		{52FCE03C-FB4A-4B59-887C-16D265B731B5}.Debug|x86.Build.0 = Debug|Win32
		{52FCE03C-FB4A-4B59-887C-16D265B731B5}.Release|x64.ActiveCfg = Release|x64
		{52FCE03C-FB4A-4B59-887C-16D265B731B5}.Release|x64.Build.0 = Release|x64
		{52FCE03C-FB4A-4B59-887C-16D265B731B5}.Release|x86.ActiveCfg = Release|Win32
		{52FCE03C-FB4A-4B59-887C-16D265B731B5}.Release|x86.Build.0 = Release|Win32
		{D6CEFA6A-40AA-4FA9-8E51-23803D528DEF}.Debug|x64.ActiveCfg = Debug|x64
		{D6CEFA6A-40AA-4FA9-8E51-23803D528DEF}.Debug|x64.Build.0 = Debug|x64
		{D6CEFA6A-40AA-4FA9-8E51-23803D528DEF}.Debug|x86.ActiveCfg = Debug|Win32
		{D6CEFA6A-40AA-4FA9-8E51-23803D528DEF}.Debug|x86.Build.0 = Debug|Win32
		{D6CEFA6A-40AA-4FA9-8E51-23803D528DEF}.Release|x64.ActiveCfg = Release|x64
		{D6CEFA6A-40AA-4FA9-8E51-23803D528DEF}.Release|x64.Build.0 = Release|x64
		{D6CEFA6A-40AA-4FA9-8E51-23803D528DEF}.Release|x86.ActiveCfg = Release|Win32
		{D6CEFA6A-40AA-4FA9-8E51-23803D528DEF}.Release|x86.Build.0 = Release|Win32
		{CCFC087A-3BC4-4D90-AAF0-C4381A6EA459}.Debug|x64.ActiveCfg = Debug|x64
		{CCFC087A-3BC4-4D90-AAF0-C4381A6EA459}.Debug|x64.Build.0 = Debug|x64
		{CCFC087A-3BC4-4D90-AAF0-C4381A6EA459}.Debug|x86.ActiveCfg = Debug|Win32
		{CCFC087A-3BC4-4D90-AAF0-C4381A6EA459}.Debug|x86.Build.0 = Debug|Win32
		{CCFC087A-3BC4-4D90-AAF0-C4381A6EA459}.Release|x64.ActiveCfg = Release|x64
		{CCFC087A-3BC4-4D90-AAF0-C4381A6EA459}.Release|x64.Build.0 = Release|x64
		{CCFC087A-3BC4-4D90-AAF0-C4381A6EA459}.Release|x86.ActiveCfg = Release|Win32
		{CCFC087A-3BC4-4D90-AAF0-C4381A6EA459}.Release|x86.Build.0 = Release|Win32
		{FCA78DB9-EB27-49A3-A7AF-BFB64A5CE6E2}.Debug|x64.ActiveCfg = Debug|x64
		{FCA78DB9-EB27-49A3-A7AF-BFB64A5CE6E2}.Debug|x64.Build.0 = Debug|x64
		{FCA78DB9-EB27-49A3-A7AF-BFB64A5CE6E2}.Debug|x86.ActiveCfg = Debug|Win32
		{FCA78DB9-EB27-49A3-A7AF-BFB64A5CE6E2}.Debug|x86.Build.0 = Debug|Win32
		{FCA78DB9-EB27-49A3-A7AF-BFB64A5CE6E2}.Release|x64.ActiveCfg = Release|x64
		{FCA78DB9-EB27-49A3-A7AF-BFB64A5CE6E2}.Release|x64.Build.0 = Release|x64
		{FCA78DB9-EB27-49A3-A7AF-BFB64A5CE6E2}.Release|x86.ActiveCfg = Release|Win32
		{FCA78DB9-EB27-49A3-A7AF-BFB64A5CE6E2}.Release|x86.Build.0 = Release|Win32
		{90540B71-281E-4054-8F60-9BBA429C4E27}.Debug|x64.ActiveCfg = Debug|x64
		{90540B71-281E-4054-8F60-9BBA429C4E27}.Debug|x64.Build.0 = Debug|x64
		{90540B71-281E-4054-8F60-9BBA429C4E27}.Debug|x86.ActiveCfg = Debug|Win32
		{90540B71-281E-4054-8F60-9BBA429C4E27}.Debug|x86.Build.0 = Debug|Win32
		{90540B71-281E-4054-8F60-9BBA429C4E27}.Release|x64.ActiveCfg = Release|x64
		{90540B71-281E-4054-8F60-9BBA429C4E27}.Release|x64.Build.0 = Release|x64
		{90540B71-281E-4054-8F60-9BBA429C4E27}.Release|x86.ActiveCfg = Release|Win32
		{90540B71-281E-4054-8F60-9BBA429C4E27}.Release|x86.Build.0 = Release|Win32
		{A1E6AE50-5102-45A5-9909-3159EDBCFBE0}.Debug|x64.ActiveCfg = Debug|x64
		{A1E6AE50-5102-45A5-9909-3159EDBCFBE0}.Debug|x64.Build.0 = Debug|x64
		{A1E6AE50-5102-45A5-9909-3159EDBCFBE0}.Debug|x86.ActiveCfg = Debug|Win32
		{A1E6AE50-5102-45A5-9909-3159EDBCFBE0}.Debug|x86.Build.0 = Debug|Win32
		{A1E6AE50-5102-45A5-9909-3159EDBCFBE0}.Release|x64.ActiveCfg = Release|x64
		{A1E6AE50-5102-45A5-9909-3159EDBCFBE0}.Release|x64.Build.0 = Release|x64
		{A1E6AE50-5102-45A5-9909-3159EDBCFBE0}.Release|x86.ActiveCfg = Release|Win32
		{A1E6AE50-5102-45A5-9909-3159EDBCFBE0}.Release|x86.Build.0 = Release|Win32
		{1ABDD00B-9655-4AC3-B98D-8867D9995B42}.Debug|x64.ActiveCfg = Debug|x64
		{1ABDD00B-9655-4AC3-B98D-8867D9995B42}.Debug|x64.Build.0 = Debug|x64
		{1ABDD00B-9655-4AC3-B98D-8867D9995B42}.Debug|x86.ActiveCfg = Debug|Win32
		{1ABDD00B-9655-4AC3-B98D-8867D9995B42}.Debug|x86.Build.0 = Debug|Win32
		{1ABDD00B-9655-4AC3-B98D-8867D9995B42}.Release|x64.ActiveCfg = Release|x64
		{1ABDD00B-9655-4AC3-B98D-8867D9995B42}.Release|x64.Build.0 = Release|x64
		{1ABDD00B-9655-4AC3-B98D-8867D9995B42}.Release|x86.ActiveCfg = Release|Win32
		{1ABDD00B-9655-4AC3-B98D-8867D9995B42}.Release|x86.Build.0 = Release|Win32
		{D37A2B7F-7B73-4169-BA61-C4A139D1D55D}.Debug|x64.ActiveCfg = Debug|x64
		{D37A2B7F-7B73-4169-BA61-C4A139D1D55D}.Debug|x64.Build.0 = Debug|x64
		{D37A2B7F-7B73-4169-BA61-C4A139D1D55D}.Debug|x86.ActiveCfg = Debug|Win32
		{D37A2B7F-7B73-4169-BA61-C4A139D1D55D}.Debug|x86.Build.0 = Debug|Win32
		{D37A2B7F-7B73-4169-BA61-C4A139D1D55D}.Release|x64.ActiveCfg = Release|x64
		{D37A2B7F-7B73-4169-BA61-C4A139D1D55D}.Release|x64.Build.0 = Release|x64
		{D37A2B7F-7B73-4169-BA61-C4A139D1D55D}.Release|x86.ActiveCfg = Release|Win32
		{D37A2B7F-7B73-4169-BA61-C4A139D1D55D}.Release|x86.Build.0 = Release|Win32
		{DD2412FF-088F-4BF7-97B2-C3CD6BC3EFFD}.Debug|x64.ActiveCfg = Debug|x64
		{DD2412FF-088F-4BF7-97B2-C3CD6BC3EFFD}.Debug|x64.Build.0 = Debug|x64
		{DD2412FF-088F-4BF7-97B2-C3CD6BC3EFFD}.Debug|x86.ActiveCfg = Debug|Win32
		{DD2412FF-088F-4BF7-97B2-C3CD6BC3EFFD}.Debug|x86.Build.0 = Debug|Win32
		{DD2412FF-088F-4BF7-97B2-C3CD6BC3EFFD}.Release|x64.ActiveCfg = Release|x64
		{DD2412FF-088F-4BF7-97B2-C3CD6BC3EFFD}.Release|x64.Build.0 = Release|x64
		{DD2412FF-088F-4BF7-97B2-C3CD6BC3EFFD}.Release|x86.ActiveCfg = Release|Win32
		{DD2412FF-088F-4BF7-97B2-C3CD6BC3EFFD}.Release|x86.Build.0 = Release|Win32
		{D475E8A3-7D4E-4227-9E4D-AE7E8A728D22}.Debug|x64.ActiveCfg = Debug|x64
		{D475E8A3-7D4E-4227-9E4D-AE7E8A728D22}.Debug|x64.Build.0 = Debug|x64
		{D475E8A3-7D4E-4227-9E4D-AE7E8A728D22}.Debug|x86.ActiveCfg = Debug|Win32
		{D475E8A3-7D4E-4227-9E4D-AE7E8A728D22}.Debug|x86.Build.0 = Debug|Win32
		{D475E8A3-7D4E-4227-9E4D-AE7E8A728D22}.Release|x64.ActiveCfg = Release|x64
		{D475E8A3-7D4E-4227-9E4D-AE7E8A728D22}.Release|x64.Build.0 = Release|x64
		{D475E8A3-7D4E-4227-9E4D-AE7E8A728D22}.Release|x86.ActiveCfg = Release|Win32
		{D475E8A3-7D4E-4227-9E4D-AE7E8A728D22}.Release|x86.Build.0 = Release|Win32
		{72FBB382-C4AA-4B98-ABED-5D2420FAEAE5}.Debug|x64.ActiveCfg = Debug|x64
		{72FBB382-C4AA-4B98-ABED-5D2420FAEAE5}.Debug|x64.Build.0 = Debug|x64
		{72FBB382-C4AA-4B98-ABED-5D2420FAEAE5}.Debug|x86.ActiveCfg = Debug|Win32
		{72FBB382-C4AA-4B98-ABED-5D2420FAEAE5}.Debug|x86.Build.0 = Debug|Win32
		{72FBB382-C4AA-4B98-ABED-5D2420FAEAE5}.Release|x64.ActiveCfg = Release|x64
		{72FBB382-C4AA-4B98-ABED-5D2420FAEAE5}.Release|x64.Build.0 = Release|x64
		{72FBB382-C4AA-4B98-ABED-5D2420FAEAE5}.Release|x86.ActiveCfg = Release|Win32
		{72FBB382-C4AA-4B98-ABED-5D2420FAEAE5}.Release|x86.Build.0 = Release|Win32
		{7B5BB658-AE9F-4227-900B-EE725E7A4B1D}.Debug|x64.ActiveCfg = Debug|x64
		{7B5BB658-AE9F-4227-900B-EE725E7A4B1D}.Debug|x64.Build.0 = Debug|x64
		{7B5BB658-AE9F-4227-900B-EE725E7A4B1D}.Debug|x86.ActiveCfg = Debug|Win32
		{7B5BB658-AE9F-4227-900B-EE725E7A4B1D}.Debug|x86.Build.0 = Debug|Win32
		{7B5BB658-AE9F-4227-900B-EE725E7A4B1D}.Release|x64.ActiveCfg = Release|x64
		{7B5BB658-AE9F-4227-900B-EE725E7A4B1D}.Release|x64.Build.0 = Release|x64
		{7B5BB658-AE9F-4227-900B-EE725E7A4B1D}.Release|x86.ActiveCfg = Release|Win32
		{7B5BB658-AE9F-4227-900B-EE725E7A4B1D}.Release|x86.Build.0 = Release|Win32
		{F785222E-7BCD-472E-8AAE-77D7B2D500B9}.Debug|x64.ActiveCfg = Debug|x64
		{F785222E-7BCD-472E-8AAE-77D7B2D500B9}.Debug|x64.Build.0 = Debug|x64
		{F785222E-7BCD-472E-8AAE-77D7B2D500B9}.Debug|x86.ActiveCfg = Debug|Win32
		{F785222E-7BCD-472E-8AAE-77D7B2D500B9}.Debug|x86.Build.0 = Debug|Win32
		{F785222E-7BCD-472E-8AAE-77D7B2D500B9}.Release|x64.ActiveCfg = Release|x64
		{F785222E-7BCD-472E-8AAE-77D7B2D500B9}.Release|x64.Build.0 = Release|x64
		{F785222E-7BCD-472E-8AAE-77D7B2D500B9}.Release|x86.ActiveCfg = Release|Win32
		{F785222E-7BCD-472E-8AAE-77D7B2D500B9}.Release|x86.Build.0 = Release|Win32
		{6FE8C7B7-2558-4F02-9D10-FC50EFC2FCFB}.Debug|x64.ActiveCfg = Debug|x64
		{6FE8C7B7-2558-4F02-9D10-FC50EFC2FCFB}.Debug|x64.Build.0 = Debug|x64
		{6FE8C7B7-2558-4F02-9D10-FC50EFC2FCFB}.Debug|x86.ActiveCfg = Debug|Win32
		{6FE8C7B7-2558-4F02-9D10-FC50EFC2FCFB}.Debug|x86.Build.0 = Debug|Win32
		{6FE8C7B7-2558-4F02-9D10-FC50EFC2FCFB}.Release|x64.ActiveCfg = Release|x64
		{6FE8C7B7-2558-4F02-9D10-FC50EFC2FCFB}.Release|x64.Build.0 = Release|x64
		{6FE8C7B7-2558-4F02-9D10-FC50EFC2FCFB}.Release|x86.ActiveCfg = Release|Win32
		{6FE8C7B7-2558-4F02-9D10-FC50EFC2FCFB}.Release|x86.Build.0 = Release|Win32
		{F5207F19-F0B1-4F33-B388-9C1E0F712258}.Debug|x64.ActiveCfg = Debug|x64
		{F5207F19-F0B1-4F33-B388-9C1E0F712258}.Debug|x64.Build.0 = Debug|x64
		{F5207F19-F0B1-4F33-B388-9C1E0F712258}.Debug|x86.ActiveCfg = Debug|Win32
		{F5207F19-F0B1-4F33-B388-9C1E0F712258}.Debug|x86.Build.0 = Debug|Win32
		{F5207F19-F0B1-4F33-B388-9C1E0F712258}.Release|x64.ActiveCfg = Release|x64
		{F5207F19-F0B1-4F33-B388-9C1E0F712258}.Release|x64.Build.0 = Release|x64
		{F5207F19-F0B1-4F33-B388-9C1E0F712258}.Release|x86.ActiveCfg = Release|Win32
		{F5207F19-F0B1-4F33-B388-9C1E0F712258}.Release|x86.Build.0 = Release|Win32
		{04174B26-83A9-4B5A-9624-9CD0C67027BD}.Debug|x64.ActiveCfg = Debug|x64
		{04174B26-83A9-4B5A-9624-9CD0C67027BD}.Debug|x64.Build.0 = Debug|x64
		{04174B26-83A9-4B5A-9624-9CD0C67027BD}.Debug|x86.ActiveCfg = Debug|Win32
		{04174B26-83A9-4B5A-9624-9CD0C67027BD}.Debug|x86.Build.0 = Debug|Win32
		{04174B26-83A9-4B5A-9624-9CD0C67027BD}.Release|x64.ActiveCfg = Release|x64
		{04174B26-83A9-4B5A-9624-9CD0C67027BD}.Release|x64.Build.0 = Release|x64
		{04174B26-83A9-4B5A-9624-9CD0C67027BD}.Release|x86.ActiveCfg = Release|Win32
		{04174B26-83A9-4B5A-9624-9CD0C67027BD}.Release|x86.Build.0 = Release|Win32
		{5CF197C2-977C-41F1-9A4F-F3EB59E8D09E}.Debug|x64.ActiveCfg = Debug|x64
		{5CF197C2-977C-41F1-9A4F-F3EB59E8D09E}.Debug|x64.Build.0 = Debug|x64
		{5CF197C2-977C-41F1-9A4F-F3EB59E8D09E}.Debug|x86.ActiveCfg = Debug|Win32
		{5CF197C2-977C-41F1-9A4F-F3EB59E8D09E}.Debug|x86.Build.0 = Debug|Win32
		{5CF197C2-977C-41F1-9A4F-F3EB59E8D09E}.Release|x64.ActiveCfg = Release|x64
		{5CF197C2-977C-41F1-9A4F-F3EB59E8D09E}.Release|x64.Build.0 = Release|x64
		{5CF197C2-977C-41F1-9A4F-F3EB59E8D09E}.Release|x86.ActiveCfg = Release|Win32
		{5CF197C2-977C-41F1-9A4F-F3EB59E8D09E}.Release|x86.Build.0 = Release|Win32
		{0AF948EF-32CD-413B-9159-9C7DF9BA0119}.Debug|x64.ActiveCfg = Debug|x64
		{0AF948EF-32CD-413B-9159-9C7DF9BA0119}.Debug|x64.Build.0 = Debug|x64
		{0AF948EF-32CD-413B-9159-9C7DF9BA0119}.Debug|x86.ActiveCfg = Debug|Win32
		{0AF948EF-32CD-413B-9159-9C7DF9BA0119}.Debug|x86.Build.0 = Debug|Win32
		{0AF948EF-32CD-413B-9159-9C7DF9BA0119}.Release|x64.ActiveCfg = Release|x64
		{0AF948EF-32CD-413B-9159-9C7DF9BA0119}.Release|x64.Build.0 = Release|x64
		{0AF948EF-32CD-413B-9159-9C7DF9BA0119}.Release|x86.ActiveCfg = Release|Win32
		{0AF948EF-32CD-413B-9159-9C7DF9BA0119}.Release|x86.Build.0 = Release|Win32
		{FF895C97-CC35-4EDA-BDF0-CE55D389E786}.Debug|x64.ActiveCfg = Debug|x64
		{FF895C97-CC35-4EDA-BDF0-CE55D389E786}.Debug|x64.Build.0 = Debug|x64
		{FF895C97-CC35-4EDA-BDF0-CE55D389E786}.Debug|x86.ActiveCfg = Debug|Win32
		{FF895C97-CC35-4EDA-BDF0-CE55D389E786}.Debug|x86.Build.0 = Debug|Win32
		{FF895C97-CC35-4EDA-BDF0-CE55D389E786}.Release|x64.ActiveCfg = Release|x64
		{FF895C97-CC35-4EDA-BDF0-CE55D389E786}.Release|x64.Build.0 = Release|x64
		{FF895C97-CC35-4EDA-BDF0-CE55D389E786}.Release|x86.ActiveCfg = Release|Win32
		{FF895C97-CC35-4EDA-BDF0-CE55D389E786}.Release|x86.Build.0 = Release|Win32
		{628FD7A9-9870-4080-9CED-34774529BC59}.Debug|x64.ActiveCfg = Debug|x64
		{628FD7A9-9870-4080-9CED-34774529BC59}.Debug|x64.Build.0 = Debug|x64
		{628FD7A9-9870-4080-9CED-34774529BC59}.Debug|x86.ActiveCfg = Debug|Win32
		{628FD7A9-9870-4080-9CED-34774529BC59}.Debug|x86.Build.0 = Debug|Win32
		{628FD7A9-9870-4080-9CED-34774529BC59}.Release|x64.ActiveCfg = Release|x64
		{628FD7A9-9870-4080-9CED-34774529BC59}.Release|x64.Build.0 = Release|x64
		{628FD7A9-9870-4080-9CED-34774529BC59}.Release|x86.ActiveCfg = Release|Win32
		{628FD7A9-9870-4080-9CED-34774529BC59}.Release|x86.Build.0 = Release|Win32
		{429F0EAD-6680-42D6-A273-590789521ACC}.Debug|x64.ActiveCfg = Debug|x64
		{429F0EAD-6680-42D6-A273-590789521ACC}.Debug|x64.Build.0 = Debug|x64
		{429F0EAD-6680-42D6-A273-590789521ACC}.Debug|x86.ActiveCfg = Debug|Win32
		{429F0EAD-6680-42D6-A273-590789521ACC}.Debug|x86.Build.0 = Debug|Win32
		{429F0EAD-6680-42D6-A273-590789521ACC}.Release|x64.ActiveCfg = Release|x64
		{429F0EAD-6680-42D6-A273-590789521ACC}.Release|x64.Build.0 = Release|x64
		{429F0EAD-6680-42D6-A273-590789521ACC}.Release|x86.ActiveCfg = Release|Win32
		{429F0EAD-6680-42D6-A273-590789521ACC}.Release|x86.Build.0 = Release|Win32
		{68904F44-5AB9-4EEA-9E41-31CA9C2FA395}.Debug|x64.ActiveCfg = Debug|x64
		{68904F44-5AB9-4EEA-9E41-31CA9C2FA395}.Debug|x64.Build.0 = Debug|x64
		{68904F44-5AB9-4EEA-9E41-31CA9C2FA395}.Debug|x86.ActiveCfg = Debug|Win32
		{68904F44-5AB9-4EEA-9E41-31CA9C2FA395}.Debug|x86.Build.0 = Debug|Win32
		{68904F44-5AB9-4EEA-9E41-31CA9C2FA395}.Release|x64.ActiveCfg = Release|x64
		{68904F44-5AB9-4EEA-9E41-31CA9C2FA395}.Release|x64.Build.0 = Release|x64
		{68904F44-5AB9-4EEA-9E41-31CA9C2FA395}.Release|x86.ActiveCfg = Release|Win32
		{68904F44-5AB9-4EEA-9E41-31CA9C2FA395}.Release|x86.Build.0 = Release|Win32
		{8164BA09-2851-44B7-AD75-D124456D65EC}.Debug|x64.ActiveCfg = Debug|x64
		{8164BA09-2851-44B7-AD75-D124456D65EC}.Debug|x64.Build.0 = Debug|x64
		{8164BA09-2851-44B7-AD75-D124456D65EC}.Debug|x86.ActiveCfg = Debug|Win32
		{8164BA09-2851-44B7-AD75-D124456D65EC}.Debug|x86.Build.0 = Debug|Win32
		{8164BA09-2851-44B7-AD75-D124456D65EC}.Release|x64.ActiveCfg = Release|x64
		{8164BA09-2851-44B7-AD75-D124456D65EC}.Release|x64.Build.0 = Release|x64
		{8164BA09-2851-44B7-AD75-D124456D65EC}.Release|x86.ActiveCfg = Release|Win32
		{8164BA09-2851-44B7-AD75-D124456D65EC}.Release|x86.Build.0 = Release|Win32
		{993C5118-DDB6-495D-9E84-E8E31E7F911B}.Debug|x64.ActiveCfg = Debug|x64
		{993C5118-DDB6-495D-9E84-E8E31E7F911B}.Debug|x64.Build.0 = Debug|x64
		{993C5118-DDB6-495D-9E84-E8E31E7F911B}.Debug|x86.ActiveCfg = Debug|Win32
		{993C5118-DDB6-495D-9E84-E8E31E7F911B}.Debug|x86.Build.0 = Debug|Win32
		{993C5118-DDB6-495D-9E84-E8E31E7F911B}.Release|x64.ActiveCfg = Release|x64
		{993C5118-DDB6-495D-9E84-E8E31E7F911B}.Release|x64.Build.0 = Release|x64
		{993C5118-DDB6-495D-9E84-E8E31E7F911B}.Release|x86.ActiveCfg = Release|Win32
		{993C5118-DDB6-495D-9E84-E8E31E7F911B}.Release|x86.Build.0 = Release|Win32
	EndGlobalSection
	GlobalSection(SolutionProperties) = preSolution
		HideSolutionNode = FALSE
	EndGlobalSection
	GlobalSection(ExtensibilityGlobals) = postSolution
		SolutionGuid = {69498F43-E9A2-423F-A72D-148EDDB72C8E}
	EndGlobalSection
EndGlobal
